// !$*UTF8*$!
{
	archiveVersion = 1;
	classes = {
	};
	objectVersion = 56;
	objects = {

/* Begin PBXBuildFile section */
		D8F4E79B2A90A495004C28A7 /* WidgetAnimationApp.swift in Sources */ = {isa = PBXBuildFile; fileRef = D8F4E79A2A90A495004C28A7 /* WidgetAnimationApp.swift */; };
		D8F4E79D2A90A495004C28A7 /* ContentView.swift in Sources */ = {isa = PBXBuildFile; fileRef = D8F4E79C2A90A495004C28A7 /* ContentView.swift */; };
		D8F4E79F2A90A496004C28A7 /* Assets.xcassets in Resources */ = {isa = PBXBuildFile; fileRef = D8F4E79E2A90A496004C28A7 /* Assets.xcassets */; };
		D8F4E7A32A90A496004C28A7 /* Preview Assets.xcassets in Resources */ = {isa = PBXBuildFile; fileRef = D8F4E7A22A90A496004C28A7 /* Preview Assets.xcassets */; };
		D8F4E7CD2A90A541004C28A7 /* WidgetKit.framework in Frameworks */ = {isa = PBXBuildFile; fileRef = D8F4E7B22A90A504004C28A7 /* WidgetKit.framework */; };
		D8F4E7CE2A90A541004C28A7 /* SwiftUI.framework in Frameworks */ = {isa = PBXBuildFile; fileRef = D8F4E7B42A90A504004C28A7 /* SwiftUI.framework */; };
		D8F4E7D12A90A541004C28A7 /* TestWidgetBundle.swift in Sources */ = {isa = PBXBuildFile; fileRef = D8F4E7D02A90A541004C28A7 /* TestWidgetBundle.swift */; };
		D8F4E7D32A90A541004C28A7 /* TestWidget.swift in Sources */ = {isa = PBXBuildFile; fileRef = D8F4E7D22A90A541004C28A7 /* TestWidget.swift */; };
		D8F4E7D62A90A542004C28A7 /* Assets.xcassets in Resources */ = {isa = PBXBuildFile; fileRef = D8F4E7D52A90A542004C28A7 /* Assets.xcassets */; };
		D8F4E7D82A90A542004C28A7 /* TestWidget.intentdefinition in Sources */ = {isa = PBXBuildFile; fileRef = D8F4E7D42A90A541004C28A7 /* TestWidget.intentdefinition */; };
		D8F4E7D92A90A542004C28A7 /* TestWidget.intentdefinition in Sources */ = {isa = PBXBuildFile; fileRef = D8F4E7D42A90A541004C28A7 /* TestWidget.intentdefinition */; };
		D8F4E7DC2A90A542004C28A7 /* TestWidgetExtension.appex in Embed Foundation Extensions */ = {isa = PBXBuildFile; fileRef = D8F4E7CC2A90A541004C28A7 /* TestWidgetExtension.appex */; settings = {ATTRIBUTES = (RemoveHeadersOnCopy, ); }; };
		D8F4E7E22A90A5F5004C28A7 /* ClockRotationEffect in Frameworks */ = {isa = PBXBuildFile; productRef = D8F4E7E12A90A5F5004C28A7 /* ClockRotationEffect */; };
/* End PBXBuildFile section */

/* Begin PBXContainerItemProxy section */
		D8F4E7DA2A90A542004C28A7 /* PBXContainerItemProxy */ = {
			isa = PBXContainerItemProxy;
			containerPortal = D8F4E78F2A90A495004C28A7 /* Project object */;
			proxyType = 1;
			remoteGlobalIDString = D8F4E7CB2A90A541004C28A7;
			remoteInfo = TestWidgetExtension;
		};
/* End PBXContainerItemProxy section */

/* Begin PBXCopyFilesBuildPhase section */
		D8F4E7C72A90A505004C28A7 /* Embed Foundation Extensions */ = {
			isa = PBXCopyFilesBuildPhase;
			buildActionMask = 2147483647;
			dstPath = "";
			dstSubfolderSpec = 13;
			files = (
				D8F4E7DC2A90A542004C28A7 /* TestWidgetExtension.appex in Embed Foundation Extensions */,
			);
			name = "Embed Foundation Extensions";
			runOnlyForDeploymentPostprocessing = 0;
		};
/* End PBXCopyFilesBuildPhase section */

/* Begin PBXFileReference section */
		D8F4E7972A90A495004C28A7 /* WidgetAnimation.app */ = {isa = PBXFileReference; explicitFileType = wrapper.application; includeInIndex = 0; path = WidgetAnimation.app; sourceTree = BUILT_PRODUCTS_DIR; };
		D8F4E79A2A90A495004C28A7 /* WidgetAnimationApp.swift */ = {isa = PBXFileReference; lastKnownFileType = sourcecode.swift; path = WidgetAnimationApp.swift; sourceTree = "<group>"; };
		D8F4E79C2A90A495004C28A7 /* ContentView.swift */ = {isa = PBXFileReference; lastKnownFileType = sourcecode.swift; path = ContentView.swift; sourceTree = "<group>"; };
		D8F4E79E2A90A496004C28A7 /* Assets.xcassets */ = {isa = PBXFileReference; lastKnownFileType = folder.assetcatalog; path = Assets.xcassets; sourceTree = "<group>"; };
		D8F4E7A02A90A496004C28A7 /* WidgetAnimation.entitlements */ = {isa = PBXFileReference; lastKnownFileType = text.plist.entitlements; path = WidgetAnimation.entitlements; sourceTree = "<group>"; };
		D8F4E7A22A90A496004C28A7 /* Preview Assets.xcassets */ = {isa = PBXFileReference; lastKnownFileType = folder.assetcatalog; path = "Preview Assets.xcassets"; sourceTree = "<group>"; };
		D8F4E7B22A90A504004C28A7 /* WidgetKit.framework */ = {isa = PBXFileReference; lastKnownFileType = wrapper.framework; name = WidgetKit.framework; path = System/Library/Frameworks/WidgetKit.framework; sourceTree = SDKROOT; };
		D8F4E7B42A90A504004C28A7 /* SwiftUI.framework */ = {isa = PBXFileReference; lastKnownFileType = wrapper.framework; name = SwiftUI.framework; path = System/Library/Frameworks/SwiftUI.framework; sourceTree = SDKROOT; };
		D8F4E7CC2A90A541004C28A7 /* TestWidgetExtension.appex */ = {isa = PBXFileReference; explicitFileType = "wrapper.app-extension"; includeInIndex = 0; path = TestWidgetExtension.appex; sourceTree = BUILT_PRODUCTS_DIR; };
		D8F4E7D02A90A541004C28A7 /* TestWidgetBundle.swift */ = {isa = PBXFileReference; lastKnownFileType = sourcecode.swift; path = TestWidgetBundle.swift; sourceTree = "<group>"; };
		D8F4E7D22A90A541004C28A7 /* TestWidget.swift */ = {isa = PBXFileReference; lastKnownFileType = sourcecode.swift; path = TestWidget.swift; sourceTree = "<group>"; };
		D8F4E7D42A90A541004C28A7 /* TestWidget.intentdefinition */ = {isa = PBXFileReference; lastKnownFileType = file.intentdefinition; path = TestWidget.intentdefinition; sourceTree = "<group>"; };
		D8F4E7D52A90A542004C28A7 /* Assets.xcassets */ = {isa = PBXFileReference; lastKnownFileType = folder.assetcatalog; path = Assets.xcassets; sourceTree = "<group>"; };
		D8F4E7D72A90A542004C28A7 /* Info.plist */ = {isa = PBXFileReference; lastKnownFileType = text.plist.xml; path = Info.plist; sourceTree = "<group>"; };
/* End PBXFileReference section */

/* Begin PBXFrameworksBuildPhase section */
		D8F4E7942A90A495004C28A7 /* Frameworks */ = {
			isa = PBXFrameworksBuildPhase;
			buildActionMask = 2147483647;
			files = (
				D8F4E7E22A90A5F5004C28A7 /* ClockRotationEffect in Frameworks */,
			);
			runOnlyForDeploymentPostprocessing = 0;
		};
		D8F4E7C92A90A541004C28A7 /* Frameworks */ = {
			isa = PBXFrameworksBuildPhase;
			buildActionMask = 2147483647;
			files = (
				D8F4E7CE2A90A541004C28A7 /* SwiftUI.framework in Frameworks */,
				D8F4E7CD2A90A541004C28A7 /* WidgetKit.framework in Frameworks */,
			);
			runOnlyForDeploymentPostprocessing = 0;
		};
/* End PBXFrameworksBuildPhase section */

/* Begin PBXGroup section */
		D8F4E78E2A90A495004C28A7 = {
			isa = PBXGroup;
			children = (
				D8F4E7992A90A495004C28A7 /* WidgetAnimation */,
				D8F4E7CF2A90A541004C28A7 /* TestWidget */,
				D8F4E7B12A90A504004C28A7 /* Frameworks */,
				D8F4E7982A90A495004C28A7 /* Products */,
			);
			sourceTree = "<group>";
		};
		D8F4E7982A90A495004C28A7 /* Products */ = {
			isa = PBXGroup;
			children = (
				D8F4E7972A90A495004C28A7 /* WidgetAnimation.app */,
				D8F4E7CC2A90A541004C28A7 /* TestWidgetExtension.appex */,
			);
			name = Products;
			sourceTree = "<group>";
		};
		D8F4E7992A90A495004C28A7 /* WidgetAnimation */ = {
			isa = PBXGroup;
			children = (
				D8F4E79A2A90A495004C28A7 /* WidgetAnimationApp.swift */,
				D8F4E79C2A90A495004C28A7 /* ContentView.swift */,
				D8F4E79E2A90A496004C28A7 /* Assets.xcassets */,
				D8F4E7A02A90A496004C28A7 /* WidgetAnimation.entitlements */,
				D8F4E7A12A90A496004C28A7 /* Preview Content */,
			);
			path = WidgetAnimation;
			sourceTree = "<group>";
		};
		D8F4E7A12A90A496004C28A7 /* Preview Content */ = {
			isa = PBXGroup;
			children = (
				D8F4E7A22A90A496004C28A7 /* Preview Assets.xcassets */,
			);
			path = "Preview Content";
			sourceTree = "<group>";
		};
		D8F4E7B12A90A504004C28A7 /* Frameworks */ = {
			isa = PBXGroup;
			children = (
				D8F4E7B22A90A504004C28A7 /* WidgetKit.framework */,
				D8F4E7B42A90A504004C28A7 /* SwiftUI.framework */,
			);
			name = Frameworks;
			sourceTree = "<group>";
		};
		D8F4E7CF2A90A541004C28A7 /* TestWidget */ = {
			isa = PBXGroup;
			children = (
				D8F4E7D02A90A541004C28A7 /* TestWidgetBundle.swift */,
				D8F4E7D22A90A541004C28A7 /* TestWidget.swift */,
				D8F4E7D42A90A541004C28A7 /* TestWidget.intentdefinition */,
				D8F4E7D52A90A542004C28A7 /* Assets.xcassets */,
				D8F4E7D72A90A542004C28A7 /* Info.plist */,
			);
			path = TestWidget;
			sourceTree = "<group>";
		};
/* End PBXGroup section */

/* Begin PBXNativeTarget section */
		D8F4E7962A90A495004C28A7 /* WidgetAnimation */ = {
			isa = PBXNativeTarget;
			buildConfigurationList = D8F4E7A62A90A496004C28A7 /* Build configuration list for PBXNativeTarget "WidgetAnimation" */;
			buildPhases = (
				D8F4E7932A90A495004C28A7 /* Sources */,
				D8F4E7942A90A495004C28A7 /* Frameworks */,
				D8F4E7952A90A495004C28A7 /* Resources */,
				D8F4E7C72A90A505004C28A7 /* Embed Foundation Extensions */,
			);
			buildRules = (
			);
			dependencies = (
				D8F4E7DB2A90A542004C28A7 /* PBXTargetDependency */,
			);
			name = WidgetAnimation;
			packageProductDependencies = (
				D8F4E7E12A90A5F5004C28A7 /* ClockRotationEffect */,
			);
			productName = WidgetAnimation;
			productReference = D8F4E7972A90A495004C28A7 /* WidgetAnimation.app */;
			productType = "com.apple.product-type.application";
		};
		D8F4E7CB2A90A541004C28A7 /* TestWidgetExtension */ = {
			isa = PBXNativeTarget;
			buildConfigurationList = D8F4E7DD2A90A542004C28A7 /* Build configuration list for PBXNativeTarget "TestWidgetExtension" */;
			buildPhases = (
				D8F4E7C82A90A541004C28A7 /* Sources */,
				D8F4E7C92A90A541004C28A7 /* Frameworks */,
				D8F4E7CA2A90A541004C28A7 /* Resources */,
			);
			buildRules = (
			);
			dependencies = (
			);
			name = TestWidgetExtension;
			productName = TestWidgetExtension;
			productReference = D8F4E7CC2A90A541004C28A7 /* TestWidgetExtension.appex */;
			productType = "com.apple.product-type.app-extension";
		};
/* End PBXNativeTarget section */

/* Begin PBXProject section */
		D8F4E78F2A90A495004C28A7 /* Project object */ = {
			isa = PBXProject;
			attributes = {
				BuildIndependentTargetsInParallel = 1;
				LastSwiftUpdateCheck = 1410;
				LastUpgradeCheck = 1410;
				TargetAttributes = {
					D8F4E7962A90A495004C28A7 = {
						CreatedOnToolsVersion = 14.1;
					};
					D8F4E7CB2A90A541004C28A7 = {
						CreatedOnToolsVersion = 14.1;
					};
				};
			};
			buildConfigurationList = D8F4E7922A90A495004C28A7 /* Build configuration list for PBXProject "WidgetAnimation" */;
			compatibilityVersion = "Xcode 14.0";
			developmentRegion = en;
			hasScannedForEncodings = 0;
			knownRegions = (
				en,
				Base,
			);
			mainGroup = D8F4E78E2A90A495004C28A7;
			packageReferences = (
				D8F4E7E02A90A5F5004C28A7 /* XCRemoteSwiftPackageReference "ClockRotationEffect" */,
			);
			productRefGroup = D8F4E7982A90A495004C28A7 /* Products */;
			projectDirPath = "";
			projectRoot = "";
			targets = (
				D8F4E7962A90A495004C28A7 /* WidgetAnimation */,
				D8F4E7CB2A90A541004C28A7 /* TestWidgetExtension */,
			);
		};
/* End PBXProject section */

/* Begin PBXResourcesBuildPhase section */
		D8F4E7952A90A495004C28A7 /* Resources */ = {
			isa = PBXResourcesBuildPhase;
			buildActionMask = 2147483647;
			files = (
				D8F4E7A32A90A496004C28A7 /* Preview Assets.xcassets in Resources */,
				D8F4E79F2A90A496004C28A7 /* Assets.xcassets in Resources */,
			);
			runOnlyForDeploymentPostprocessing = 0;
		};
		D8F4E7CA2A90A541004C28A7 /* Resources */ = {
			isa = PBXResourcesBuildPhase;
			buildActionMask = 2147483647;
			files = (
				D8F4E7D62A90A542004C28A7 /* Assets.xcassets in Resources */,
			);
			runOnlyForDeploymentPostprocessing = 0;
		};
/* End PBXResourcesBuildPhase section */

/* Begin PBXSourcesBuildPhase section */
		D8F4E7932A90A495004C28A7 /* Sources */ = {
			isa = PBXSourcesBuildPhase;
			buildActionMask = 2147483647;
			files = (
				D8F4E79D2A90A495004C28A7 /* ContentView.swift in Sources */,
				D8F4E7D92A90A542004C28A7 /* TestWidget.intentdefinition in Sources */,
				D8F4E79B2A90A495004C28A7 /* WidgetAnimationApp.swift in Sources */,
			);
			runOnlyForDeploymentPostprocessing = 0;
		};
		D8F4E7C82A90A541004C28A7 /* Sources */ = {
			isa = PBXSourcesBuildPhase;
			buildActionMask = 2147483647;
			files = (
				D8F4E7D12A90A541004C28A7 /* TestWidgetBundle.swift in Sources */,
				D8F4E7D82A90A542004C28A7 /* TestWidget.intentdefinition in Sources */,
				D8F4E7D32A90A541004C28A7 /* TestWidget.swift in Sources */,
			);
			runOnlyForDeploymentPostprocessing = 0;
		};
/* End PBXSourcesBuildPhase section */

/* Begin PBXTargetDependency section */
		D8F4E7DB2A90A542004C28A7 /* PBXTargetDependency */ = {
			isa = PBXTargetDependency;
			target = D8F4E7CB2A90A541004C28A7 /* TestWidgetExtension */;
			targetProxy = D8F4E7DA2A90A542004C28A7 /* PBXContainerItemProxy */;
		};
/* End PBXTargetDependency section */

/* Begin XCBuildConfiguration section */
		D8F4E7A42A90A496004C28A7 /* Debug */ = {
			isa = XCBuildConfiguration;
			buildSettings = {
				ALWAYS_SEARCH_USER_PATHS = NO;
				CLANG_ANALYZER_NONNULL = YES;
				CLANG_ANALYZER_NUMBER_OBJECT_CONVERSION = YES_AGGRESSIVE;
				CLANG_CXX_LANGUAGE_STANDARD = "gnu++20";
				CLANG_ENABLE_MODULES = YES;
				CLANG_ENABLE_OBJC_ARC = YES;
				CLANG_ENABLE_OBJC_WEAK = YES;
				CLANG_WARN_BLOCK_CAPTURE_AUTORELEASING = YES;
				CLANG_WARN_BOOL_CONVERSION = YES;
				CLANG_WARN_COMMA = YES;
				CLANG_WARN_CONSTANT_CONVERSION = YES;
				CLANG_WARN_DEPRECATED_OBJC_IMPLEMENTATIONS = YES;
				CLANG_WARN_DIRECT_OBJC_ISA_USAGE = YES_ERROR;
				CLANG_WARN_DOCUMENTATION_COMMENTS = YES;
				CLANG_WARN_EMPTY_BODY = YES;
				CLANG_WARN_ENUM_CONVERSION = YES;
				CLANG_WARN_INFINITE_RECURSION = YES;
				CLANG_WARN_INT_CONVERSION = YES;
				CLANG_WARN_NON_LITERAL_NULL_CONVERSION = YES;
				CLANG_WARN_OBJC_IMPLICIT_RETAIN_SELF = YES;
				CLANG_WARN_OBJC_LITERAL_CONVERSION = YES;
				CLANG_WARN_OBJC_ROOT_CLASS = YES_ERROR;
				CLANG_WARN_QUOTED_INCLUDE_IN_FRAMEWORK_HEADER = YES;
				CLANG_WARN_RANGE_LOOP_ANALYSIS = YES;
				CLANG_WARN_STRICT_PROTOTYPES = YES;
				CLANG_WARN_SUSPICIOUS_MOVE = YES;
				CLANG_WARN_UNGUARDED_AVAILABILITY = YES_AGGRESSIVE;
				CLANG_WARN_UNREACHABLE_CODE = YES;
				CLANG_WARN__DUPLICATE_METHOD_MATCH = YES;
				COPY_PHASE_STRIP = NO;
				DEBUG_INFORMATION_FORMAT = dwarf;
				ENABLE_STRICT_OBJC_MSGSEND = YES;
				ENABLE_TESTABILITY = YES;
				GCC_C_LANGUAGE_STANDARD = gnu11;
				GCC_DYNAMIC_NO_PIC = NO;
				GCC_NO_COMMON_BLOCKS = YES;
				GCC_OPTIMIZATION_LEVEL = 0;
				GCC_PREPROCESSOR_DEFINITIONS = (
					"DEBUG=1",
					"$(inherited)",
				);
				GCC_WARN_64_TO_32_BIT_CONVERSION = YES;
				GCC_WARN_ABOUT_RETURN_TYPE = YES_ERROR;
				GCC_WARN_UNDECLARED_SELECTOR = YES;
				GCC_WARN_UNINITIALIZED_AUTOS = YES_AGGRESSIVE;
				GCC_WARN_UNUSED_FUNCTION = YES;
				GCC_WARN_UNUSED_VARIABLE = YES;
				IPHONEOS_DEPLOYMENT_TARGET = 15.0;
				MTL_ENABLE_DEBUG_INFO = INCLUDE_SOURCE;
				MTL_FAST_MATH = YES;
				ONLY_ACTIVE_ARCH = YES;
				SWIFT_ACTIVE_COMPILATION_CONDITIONS = DEBUG;
				SWIFT_OPTIMIZATION_LEVEL = "-Onone";
			};
			name = Debug;
		};
		D8F4E7A52A90A496004C28A7 /* Release */ = {
			isa = XCBuildConfiguration;
			buildSettings = {
				ALWAYS_SEARCH_USER_PATHS = NO;
				CLANG_ANALYZER_NONNULL = YES;
				CLANG_ANALYZER_NUMBER_OBJECT_CONVERSION = YES_AGGRESSIVE;
				CLANG_CXX_LANGUAGE_STANDARD = "gnu++20";
				CLANG_ENABLE_MODULES = YES;
				CLANG_ENABLE_OBJC_ARC = YES;
				CLANG_ENABLE_OBJC_WEAK = YES;
				CLANG_WARN_BLOCK_CAPTURE_AUTORELEASING = YES;
				CLANG_WARN_BOOL_CONVERSION = YES;
				CLANG_WARN_COMMA = YES;
				CLANG_WARN_CONSTANT_CONVERSION = YES;
				CLANG_WARN_DEPRECATED_OBJC_IMPLEMENTATIONS = YES;
				CLANG_WARN_DIRECT_OBJC_ISA_USAGE = YES_ERROR;
				CLANG_WARN_DOCUMENTATION_COMMENTS = YES;
				CLANG_WARN_EMPTY_BODY = YES;
				CLANG_WARN_ENUM_CONVERSION = YES;
				CLANG_WARN_INFINITE_RECURSION = YES;
				CLANG_WARN_INT_CONVERSION = YES;
				CLANG_WARN_NON_LITERAL_NULL_CONVERSION = YES;
				CLANG_WARN_OBJC_IMPLICIT_RETAIN_SELF = YES;
				CLANG_WARN_OBJC_LITERAL_CONVERSION = YES;
				CLANG_WARN_OBJC_ROOT_CLASS = YES_ERROR;
				CLANG_WARN_QUOTED_INCLUDE_IN_FRAMEWORK_HEADER = YES;
				CLANG_WARN_RANGE_LOOP_ANALYSIS = YES;
				CLANG_WARN_STRICT_PROTOTYPES = YES;
				CLANG_WARN_SUSPICIOUS_MOVE = YES;
				CLANG_WARN_UNGUARDED_AVAILABILITY = YES_AGGRESSIVE;
				CLANG_WARN_UNREACHABLE_CODE = YES;
				CLANG_WARN__DUPLICATE_METHOD_MATCH = YES;
				COPY_PHASE_STRIP = NO;
				DEBUG_INFORMATION_FORMAT = "dwarf-with-dsym";
				ENABLE_NS_ASSERTIONS = NO;
				ENABLE_STRICT_OBJC_MSGSEND = YES;
				GCC_C_LANGUAGE_STANDARD = gnu11;
				GCC_NO_COMMON_BLOCKS = YES;
				GCC_WARN_64_TO_32_BIT_CONVERSION = YES;
				GCC_WARN_ABOUT_RETURN_TYPE = YES_ERROR;
				GCC_WARN_UNDECLARED_SELECTOR = YES;
				GCC_WARN_UNINITIALIZED_AUTOS = YES_AGGRESSIVE;
				GCC_WARN_UNUSED_FUNCTION = YES;
				GCC_WARN_UNUSED_VARIABLE = YES;
				IPHONEOS_DEPLOYMENT_TARGET = 15.0;
				MTL_ENABLE_DEBUG_INFO = NO;
				MTL_FAST_MATH = YES;
				SWIFT_COMPILATION_MODE = wholemodule;
				SWIFT_OPTIMIZATION_LEVEL = "-O";
			};
			name = Release;
		};
		D8F4E7A72A90A496004C28A7 /* Debug */ = {
			isa = XCBuildConfiguration;
			buildSettings = {
				ALWAYS_EMBED_SWIFT_STANDARD_LIBRARIES = YES;
				ASSETCATALOG_COMPILER_APPICON_NAME = AppIcon;
				ASSETCATALOG_COMPILER_GLOBAL_ACCENT_COLOR_NAME = AccentColor;
				CODE_SIGN_ENTITLEMENTS = WidgetAnimation/WidgetAnimation.entitlements;
				CODE_SIGN_STYLE = Automatic;
				CURRENT_PROJECT_VERSION = 1;
				DEVELOPMENT_ASSET_PATHS = "\"WidgetAnimation/Preview Content\"";
				DEVELOPMENT_TEAM = 4Y7X2393Y7;
				ENABLE_HARDENED_RUNTIME = YES;
				ENABLE_PREVIEWS = YES;
				GENERATE_INFOPLIST_FILE = YES;
				"INFOPLIST_KEY_UIApplicationSceneManifest_Generation[sdk=iphoneos*]" = YES;
				"INFOPLIST_KEY_UIApplicationSceneManifest_Generation[sdk=iphonesimulator*]" = YES;
				"INFOPLIST_KEY_UIApplicationSupportsIndirectInputEvents[sdk=iphoneos*]" = YES;
				"INFOPLIST_KEY_UIApplicationSupportsIndirectInputEvents[sdk=iphonesimulator*]" = YES;
				"INFOPLIST_KEY_UILaunchScreen_Generation[sdk=iphoneos*]" = YES;
				"INFOPLIST_KEY_UILaunchScreen_Generation[sdk=iphonesimulator*]" = YES;
				"INFOPLIST_KEY_UIStatusBarStyle[sdk=iphoneos*]" = UIStatusBarStyleDefault;
				"INFOPLIST_KEY_UIStatusBarStyle[sdk=iphonesimulator*]" = UIStatusBarStyleDefault;
				INFOPLIST_KEY_UISupportedInterfaceOrientations_iPad = "UIInterfaceOrientationPortrait UIInterfaceOrientationPortraitUpsideDown UIInterfaceOrientationLandscapeLeft UIInterfaceOrientationLandscapeRight";
				INFOPLIST_KEY_UISupportedInterfaceOrientations_iPhone = "UIInterfaceOrientationPortrait UIInterfaceOrientationLandscapeLeft UIInterfaceOrientationLandscapeRight";
				IPHONEOS_DEPLOYMENT_TARGET = 15.0;
				LD_RUNPATH_SEARCH_PATHS = "@executable_path/Frameworks";
				"LD_RUNPATH_SEARCH_PATHS[sdk=macosx*]" = "@executable_path/../Frameworks";
				MACOSX_DEPLOYMENT_TARGET = 13.0;
				MARKETING_VERSION = 1.0;
				PRODUCT_BUNDLE_IDENTIFIER = com.eilgnaw.WidgetAnimation;
				PRODUCT_NAME = "$(TARGET_NAME)";
				SDKROOT = auto;
				SUPPORTED_PLATFORMS = "iphoneos iphonesimulator";
				SUPPORTS_MACCATALYST = NO;
				SUPPORTS_MAC_DESIGNED_FOR_IPHONE_IPAD = NO;
				SWIFT_EMIT_LOC_STRINGS = YES;
				SWIFT_VERSION = 5.0;
				TARGETED_DEVICE_FAMILY = 1;
			};
			name = Debug;
		};
		D8F4E7A82A90A496004C28A7 /* Release */ = {
			isa = XCBuildConfiguration;
			buildSettings = {
				ALWAYS_EMBED_SWIFT_STANDARD_LIBRARIES = YES;
				ASSETCATALOG_COMPILER_APPICON_NAME = AppIcon;
				ASSETCATALOG_COMPILER_GLOBAL_ACCENT_COLOR_NAME = AccentColor;
				CODE_SIGN_ENTITLEMENTS = WidgetAnimation/WidgetAnimation.entitlements;
				CODE_SIGN_STYLE = Automatic;
				CURRENT_PROJECT_VERSION = 1;
				DEVELOPMENT_ASSET_PATHS = "\"WidgetAnimation/Preview Content\"";
				DEVELOPMENT_TEAM = 4Y7X2393Y7;
				ENABLE_HARDENED_RUNTIME = YES;
				ENABLE_PREVIEWS = YES;
				GENERATE_INFOPLIST_FILE = YES;
				"INFOPLIST_KEY_UIApplicationSceneManifest_Generation[sdk=iphoneos*]" = YES;
				"INFOPLIST_KEY_UIApplicationSceneManifest_Generation[sdk=iphonesimulator*]" = YES;
				"INFOPLIST_KEY_UIApplicationSupportsIndirectInputEvents[sdk=iphoneos*]" = YES;
				"INFOPLIST_KEY_UIApplicationSupportsIndirectInputEvents[sdk=iphonesimulator*]" = YES;
				"INFOPLIST_KEY_UILaunchScreen_Generation[sdk=iphoneos*]" = YES;
				"INFOPLIST_KEY_UILaunchScreen_Generation[sdk=iphonesimulator*]" = YES;
				"INFOPLIST_KEY_UIStatusBarStyle[sdk=iphoneos*]" = UIStatusBarStyleDefault;
				"INFOPLIST_KEY_UIStatusBarStyle[sdk=iphonesimulator*]" = UIStatusBarStyleDefault;
				INFOPLIST_KEY_UISupportedInterfaceOrientations_iPad = "UIInterfaceOrientationPortrait UIInterfaceOrientationPortraitUpsideDown UIInterfaceOrientationLandscapeLeft UIInterfaceOrientationLandscapeRight";
				INFOPLIST_KEY_UISupportedInterfaceOrientations_iPhone = "UIInterfaceOrientationPortrait UIInterfaceOrientationLandscapeLeft UIInterfaceOrientationLandscapeRight";
				IPHONEOS_DEPLOYMENT_TARGET = 15.0;
				LD_RUNPATH_SEARCH_PATHS = "@executable_path/Frameworks";
				"LD_RUNPATH_SEARCH_PATHS[sdk=macosx*]" = "@executable_path/../Frameworks";
				MACOSX_DEPLOYMENT_TARGET = 13.0;
				MARKETING_VERSION = 1.0;
				PRODUCT_BUNDLE_IDENTIFIER = com.eilgnaw.WidgetAnimation;
				PRODUCT_NAME = "$(TARGET_NAME)";
				SDKROOT = auto;
				SUPPORTED_PLATFORMS = "iphoneos iphonesimulator";
				SUPPORTS_MACCATALYST = NO;
				SUPPORTS_MAC_DESIGNED_FOR_IPHONE_IPAD = NO;
				SWIFT_EMIT_LOC_STRINGS = YES;
				SWIFT_VERSION = 5.0;
				TARGETED_DEVICE_FAMILY = 1;
			};
			name = Release;
		};
		D8F4E7DE2A90A542004C28A7 /* Debug */ = {
			isa = XCBuildConfiguration;
			buildSettings = {
				ASSETCATALOG_COMPILER_GLOBAL_ACCENT_COLOR_NAME = AccentColor;
				ASSETCATALOG_COMPILER_WIDGET_BACKGROUND_COLOR_NAME = WidgetBackground;
				CODE_SIGN_STYLE = Automatic;
				CURRENT_PROJECT_VERSION = 1;
				DEVELOPMENT_TEAM = 4Y7X2393Y7;
				GENERATE_INFOPLIST_FILE = YES;
				INFOPLIST_FILE = TestWidget/Info.plist;
				INFOPLIST_KEY_CFBundleDisplayName = TestWidget;
				INFOPLIST_KEY_NSHumanReadableCopyright = "";
				IPHONEOS_DEPLOYMENT_TARGET = 15.0;
				LD_RUNPATH_SEARCH_PATHS = (
					"$(inherited)",
					"@executable_path/Frameworks",
					"@executable_path/../../Frameworks",
				);
				MARKETING_VERSION = 1.0;
				PRODUCT_BUNDLE_IDENTIFIER = com.eilgnaw.WidgetAnimation.TestWidget;
				PRODUCT_NAME = "$(TARGET_NAME)";
				SDKROOT = iphoneos;
				SKIP_INSTALL = YES;
				SWIFT_EMIT_LOC_STRINGS = YES;
				SWIFT_VERSION = 5.0;
				TARGETED_DEVICE_FAMILY = "1,2";
			};
			name = Debug;
		};
		D8F4E7DF2A90A542004C28A7 /* Release */ = {
			isa = XCBuildConfiguration;
			buildSettings = {
				ASSETCATALOG_COMPILER_GLOBAL_ACCENT_COLOR_NAME = AccentColor;
				ASSETCATALOG_COMPILER_WIDGET_BACKGROUND_COLOR_NAME = WidgetBackground;
				CODE_SIGN_STYLE = Automatic;
				CURRENT_PROJECT_VERSION = 1;
				DEVELOPMENT_TEAM = 4Y7X2393Y7;
				GENERATE_INFOPLIST_FILE = YES;
				INFOPLIST_FILE = TestWidget/Info.plist;
				INFOPLIST_KEY_CFBundleDisplayName = TestWidget;
				INFOPLIST_KEY_NSHumanReadableCopyright = "";
				IPHONEOS_DEPLOYMENT_TARGET = 15.0;
				LD_RUNPATH_SEARCH_PATHS = (
					"$(inherited)",
					"@executable_path/Frameworks",
					"@executable_path/../../Frameworks",
				);
				MARKETING_VERSION = 1.0;
				PRODUCT_BUNDLE_IDENTIFIER = com.eilgnaw.WidgetAnimation.TestWidget;
				PRODUCT_NAME = "$(TARGET_NAME)";
				SDKROOT = iphoneos;
				SKIP_INSTALL = YES;
				SWIFT_EMIT_LOC_STRINGS = YES;
				SWIFT_VERSION = 5.0;
				TARGETED_DEVICE_FAMILY = "1,2";
				VALIDATE_PRODUCT = YES;
			};
			name = Release;
		};
/* End XCBuildConfiguration section */

/* Begin XCConfigurationList section */
		D8F4E7922A90A495004C28A7 /* Build configuration list for PBXProject "WidgetAnimation" */ = {
			isa = XCConfigurationList;
			buildConfigurations = (
				D8F4E7A42A90A496004C28A7 /* Debug */,
				D8F4E7A52A90A496004C28A7 /* Release */,
			);
			defaultConfigurationIsVisible = 0;
			defaultConfigurationName = Release;
		};
		D8F4E7A62A90A496004C28A7 /* Build configuration list for PBXNativeTarget "WidgetAnimation" */ = {
			isa = XCConfigurationList;
			buildConfigurations = (
				D8F4E7A72A90A496004C28A7 /* Debug */,
				D8F4E7A82A90A496004C28A7 /* Release */,
			);
			defaultConfigurationIsVisible = 0;
			defaultConfigurationName = Release;
		};
		D8F4E7DD2A90A542004C28A7 /* Build configuration list for PBXNativeTarget "TestWidgetExtension" */ = {
			isa = XCConfigurationList;
			buildConfigurations = (
				D8F4E7DE2A90A542004C28A7 /* Debug */,
				D8F4E7DF2A90A542004C28A7 /* Release */,
			);
			defaultConfigurationIsVisible = 0;
			defaultConfigurationName = Release;
		};
/* End XCConfigurationList section */

/* Begin XCRemoteSwiftPackageReference section */
		D8F4E7E02A90A5F5004C28A7 /* XCRemoteSwiftPackageReference "ClockRotationEffect" */ = {
			isa = XCRemoteSwiftPackageReference;
			repositoryURL = "git@github.com:Eilgnaw/ClockRotationEffect.git";
			requirement = {
				branch = main;
				kind = branch;
			};
		};
/* End XCRemoteSwiftPackageReference section */

/* Begin XCSwiftPackageProductDependency section */
		D8F4E7E12A90A5F5004C28A7 /* ClockRotationEffect */ = {
			isa = XCSwiftPackageProductDependency;
			package = D8F4E7E02A90A5F5004C28A7 /* XCRemoteSwiftPackageReference "ClockRotationEffect" */;
			productName = ClockRotationEffect;
		};
/* End XCSwiftPackageProductDependency section */
	};
	rootObject = D8F4E78F2A90A495004C28A7 /* Project object */;
}
